
Microsoft Visual Studio Solution File, Format Version 12.00
# Visual Studio Version 16
VisualStudioVersion = 16.0.33130.400
MinimumVisualStudioVersion = 10.0.40219.1
Project("{FAE04EC0-301F-11D3-BF4B-00C04F79EFBC}") = "i03_SimuDuck", "i03_SimuDuck\i03_SimuDuck.csproj", "{66C849C8-6BC5-45ED-A352-3272EA60CDC1}"
EndProject
Global
	GlobalSection(SolutionConfigurationPlatforms) = preSolution
		Debug|Any CPU = Debug|Any CPU
		Release|Any CPU = Release|Any CPU
	EndGlobalSection
	GlobalSection(ProjectConfigurationPlatforms) = postSolution
		{66C849C8-6BC5-45ED-A352-3272EA60CDC1}.Debug|Any CPU.ActiveCfg = Debug|Any CPU
		{66C849C8-6BC5-45ED-A352-3272EA60CDC1}.Debug|Any CPU.Build.0 = Debug|Any CPU
		{66C849C8-6BC5-45ED-A352-3272EA60CDC1}.Release|Any CPU.ActiveCfg = Release|Any CPU
		{66C849C8-6BC5-45ED-A352-3272EA60CDC1}.Release|Any CPU.Build.0 = Release|Any CPU
	EndGlobalSection
	GlobalSection(SolutionProperties) = preSolution
		HideSolutionNode = FALSE
	EndGlobalSection
	GlobalSection(ExtensibilityGlobals) = postSolution
		SolutionGuid = {B5CB9E03-E5F7-4284-959E-72F13932C25E}
	EndGlobalSection
EndGlobal
